
Microsoft Visual Studio Solution File, Format Version 12.00
# Visual Studio Version 17
VisualStudioVersion = 17.10.34916.146
MinimumVisualStudioVersion = 10.0.40219.1
Project("{FAE04EC0-301F-11D3-BF4B-00C04F79EFBC}") = "example8", "example8\example8.csproj", "{822CA70A-BDA5-4AAA-A6AF-EBCE4492A80A}"
EndProject
Global
	GlobalSection(SolutionConfigurationPlatforms) = preSolution
		Debug|Any CPU = Debug|Any CPU
		Release|Any CPU = Release|Any CPU
	EndGlobalSection
	GlobalSection(ProjectConfigurationPlatforms) = postSolution
		{822CA70A-BDA5-4AAA-A6AF-EBCE4492A80A}.Debug|Any CPU.ActiveCfg = Debug|Any CPU
		{822CA70A-BDA5-4AAA-A6AF-EBCE4492A80A}.Debug|Any CPU.Build.0 = Debug|Any CPU
		{822CA70A-BDA5-4AAA-A6AF-EBCE4492A80A}.Release|Any CPU.ActiveCfg = Release|Any CPU
		{822CA70A-BDA5-4AAA-A6AF-EBCE4492A80A}.Release|Any CPU.Build.0 = Release|Any CPU
	EndGlobalSection
	GlobalSection(SolutionProperties) = preSolution
		HideSolutionNode = FALSE
	EndGlobalSection
	GlobalSection(ExtensibilityGlobals) = postSolution
		SolutionGuid = {63BE6D57-B8B7-4AE4-8DE7-B2246A20861B}
	EndGlobalSection
EndGlobal
