
Microsoft Visual Studio Solution File, Format Version 12.00
# Visual Studio Version 17
VisualStudioVersion = 17.10.34916.146
MinimumVisualStudioVersion = 10.0.40219.1
Project("{FAE04EC0-301F-11D3-BF4B-00C04F79EFBC}") = "example47", "example47\example47.csproj", "{6E0B3AFC-B7B3-41EC-BF57-DD348EC5F7D9}"
EndProject
Global
	GlobalSection(SolutionConfigurationPlatforms) = preSolution
		Debug|Any CPU = Debug|Any CPU
		Release|Any CPU = Release|Any CPU
	EndGlobalSection
	GlobalSection(ProjectConfigurationPlatforms) = postSolution
		{6E0B3AFC-B7B3-41EC-BF57-DD348EC5F7D9}.Debug|Any CPU.ActiveCfg = Debug|Any CPU
		{6E0B3AFC-B7B3-41EC-BF57-DD348EC5F7D9}.Debug|Any CPU.Build.0 = Debug|Any CPU
		{6E0B3AFC-B7B3-41EC-BF57-DD348EC5F7D9}.Release|Any CPU.ActiveCfg = Release|Any CPU
		{6E0B3AFC-B7B3-41EC-BF57-DD348EC5F7D9}.Release|Any CPU.Build.0 = Release|Any CPU
	EndGlobalSection
	GlobalSection(SolutionProperties) = preSolution
		HideSolutionNode = FALSE
	EndGlobalSection
	GlobalSection(ExtensibilityGlobals) = postSolution
		SolutionGuid = {2144D215-3C9B-42E4-8D77-FFEFBA1FDF71}
	EndGlobalSection
EndGlobal
