
Microsoft Visual Studio Solution File, Format Version 12.00
# Visual Studio Version 17
VisualStudioVersion = 17.10.34916.146
MinimumVisualStudioVersion = 10.0.40219.1
Project("{FAE04EC0-301F-11D3-BF4B-00C04F79EFBC}") = "example10", "example10\example10.csproj", "{B2AA066A-40A7-430B-884F-C3465809FCC4}"
EndProject
Global
	GlobalSection(SolutionConfigurationPlatforms) = preSolution
		Debug|Any CPU = Debug|Any CPU
		Release|Any CPU = Release|Any CPU
	EndGlobalSection
	GlobalSection(ProjectConfigurationPlatforms) = postSolution
		{B2AA066A-40A7-430B-884F-C3465809FCC4}.Debug|Any CPU.ActiveCfg = Debug|Any CPU
		{B2AA066A-40A7-430B-884F-C3465809FCC4}.Debug|Any CPU.Build.0 = Debug|Any CPU
		{B2AA066A-40A7-430B-884F-C3465809FCC4}.Release|Any CPU.ActiveCfg = Release|Any CPU
		{B2AA066A-40A7-430B-884F-C3465809FCC4}.Release|Any CPU.Build.0 = Release|Any CPU
	EndGlobalSection
	GlobalSection(SolutionProperties) = preSolution
		HideSolutionNode = FALSE
	EndGlobalSection
	GlobalSection(ExtensibilityGlobals) = postSolution
		SolutionGuid = {A2D36E88-E256-4F3F-82C6-0770DBEFF7F0}
	EndGlobalSection
EndGlobal
