
Microsoft Visual Studio Solution File, Format Version 12.00
# Visual Studio Version 17
VisualStudioVersion = 17.7.34221.43
MinimumVisualStudioVersion = 10.0.40219.1
Project("{FAE04EC0-301F-11D3-BF4B-00C04F79EFBC}") = "WinFormsApp1_", "WinFormsApp1_.csproj", "{9F695875-98FE-40C4-A6BB-E41EC60913DC}"
EndProject
Global
	GlobalSection(SolutionConfigurationPlatforms) = preSolution
		Debug|Any CPU = Debug|Any CPU
		Release|Any CPU = Release|Any CPU
	EndGlobalSection
	GlobalSection(ProjectConfigurationPlatforms) = postSolution
		{9F695875-98FE-40C4-A6BB-E41EC60913DC}.Debug|Any CPU.ActiveCfg = Debug|Any CPU
		{9F695875-98FE-40C4-A6BB-E41EC60913DC}.Debug|Any CPU.Build.0 = Debug|Any CPU
		{9F695875-98FE-40C4-A6BB-E41EC60913DC}.Release|Any CPU.ActiveCfg = Release|Any CPU
		{9F695875-98FE-40C4-A6BB-E41EC60913DC}.Release|Any CPU.Build.0 = Release|Any CPU
	EndGlobalSection
	GlobalSection(SolutionProperties) = preSolution
		HideSolutionNode = FALSE
	EndGlobalSection
	GlobalSection(ExtensibilityGlobals) = postSolution
		SolutionGuid = {79FF86F6-3590-4923-BA81-FEB5E5583FE3}
	EndGlobalSection
EndGlobal
