
Microsoft Visual Studio Solution File, Format Version 12.00
# Visual Studio Version 17
VisualStudioVersion = 17.10.34916.146
MinimumVisualStudioVersion = 10.0.40219.1
Project("{FAE04EC0-301F-11D3-BF4B-00C04F79EFBC}") = "example51", "example51\example51.csproj", "{51B411B3-9689-4C3A-83AB-61D942A85D50}"
EndProject
Global
	GlobalSection(SolutionConfigurationPlatforms) = preSolution
		Debug|Any CPU = Debug|Any CPU
		Release|Any CPU = Release|Any CPU
	EndGlobalSection
	GlobalSection(ProjectConfigurationPlatforms) = postSolution
		{51B411B3-9689-4C3A-83AB-61D942A85D50}.Debug|Any CPU.ActiveCfg = Debug|Any CPU
		{51B411B3-9689-4C3A-83AB-61D942A85D50}.Debug|Any CPU.Build.0 = Debug|Any CPU
		{51B411B3-9689-4C3A-83AB-61D942A85D50}.Release|Any CPU.ActiveCfg = Release|Any CPU
		{51B411B3-9689-4C3A-83AB-61D942A85D50}.Release|Any CPU.Build.0 = Release|Any CPU
	EndGlobalSection
	GlobalSection(SolutionProperties) = preSolution
		HideSolutionNode = FALSE
	EndGlobalSection
	GlobalSection(ExtensibilityGlobals) = postSolution
		SolutionGuid = {0BB6870E-93A7-4851-BF9E-917E4A992804}
	EndGlobalSection
EndGlobal
