
Microsoft Visual Studio Solution File, Format Version 12.00
# Visual Studio Version 17
VisualStudioVersion = 17.10.34916.146
MinimumVisualStudioVersion = 10.0.40219.1
Project("{FAE04EC0-301F-11D3-BF4B-00C04F79EFBC}") = "example22", "example22\example22.csproj", "{45EF0BBB-C15D-419D-966C-780C3B3BD3D8}"
EndProject
Global
	GlobalSection(SolutionConfigurationPlatforms) = preSolution
		Debug|Any CPU = Debug|Any CPU
		Release|Any CPU = Release|Any CPU
	EndGlobalSection
	GlobalSection(ProjectConfigurationPlatforms) = postSolution
		{45EF0BBB-C15D-419D-966C-780C3B3BD3D8}.Debug|Any CPU.ActiveCfg = Debug|Any CPU
		{45EF0BBB-C15D-419D-966C-780C3B3BD3D8}.Debug|Any CPU.Build.0 = Debug|Any CPU
		{45EF0BBB-C15D-419D-966C-780C3B3BD3D8}.Release|Any CPU.ActiveCfg = Release|Any CPU
		{45EF0BBB-C15D-419D-966C-780C3B3BD3D8}.Release|Any CPU.Build.0 = Release|Any CPU
	EndGlobalSection
	GlobalSection(SolutionProperties) = preSolution
		HideSolutionNode = FALSE
	EndGlobalSection
	GlobalSection(ExtensibilityGlobals) = postSolution
		SolutionGuid = {37BE6009-2D5C-4C86-B632-2AE3354634B0}
	EndGlobalSection
EndGlobal
