
Microsoft Visual Studio Solution File, Format Version 12.00
# Visual Studio Version 17
VisualStudioVersion = 17.10.34916.146
MinimumVisualStudioVersion = 10.0.40219.1
Project("{FAE04EC0-301F-11D3-BF4B-00C04F79EFBC}") = "example72", "example72\example72.csproj", "{C68E8C0E-942F-4927-9F8E-7FD655EE1406}"
EndProject
Global
	GlobalSection(SolutionConfigurationPlatforms) = preSolution
		Debug|Any CPU = Debug|Any CPU
		Release|Any CPU = Release|Any CPU
	EndGlobalSection
	GlobalSection(ProjectConfigurationPlatforms) = postSolution
		{C68E8C0E-942F-4927-9F8E-7FD655EE1406}.Debug|Any CPU.ActiveCfg = Debug|Any CPU
		{C68E8C0E-942F-4927-9F8E-7FD655EE1406}.Debug|Any CPU.Build.0 = Debug|Any CPU
		{C68E8C0E-942F-4927-9F8E-7FD655EE1406}.Release|Any CPU.ActiveCfg = Release|Any CPU
		{C68E8C0E-942F-4927-9F8E-7FD655EE1406}.Release|Any CPU.Build.0 = Release|Any CPU
	EndGlobalSection
	GlobalSection(SolutionProperties) = preSolution
		HideSolutionNode = FALSE
	EndGlobalSection
	GlobalSection(ExtensibilityGlobals) = postSolution
		SolutionGuid = {5C88D044-22B7-4691-ACCC-53D25B514D5A}
	EndGlobalSection
EndGlobal
