
Microsoft Visual Studio Solution File, Format Version 12.00
# Visual Studio Version 17
VisualStudioVersion = 17.10.34916.146
MinimumVisualStudioVersion = 10.0.40219.1
Project("{FAE04EC0-301F-11D3-BF4B-00C04F79EFBC}") = "example38", "example38\example38.csproj", "{C7EC5A65-3582-489B-A8DA-3E14DC06E9AB}"
EndProject
Global
	GlobalSection(SolutionConfigurationPlatforms) = preSolution
		Debug|Any CPU = Debug|Any CPU
		Release|Any CPU = Release|Any CPU
	EndGlobalSection
	GlobalSection(ProjectConfigurationPlatforms) = postSolution
		{C7EC5A65-3582-489B-A8DA-3E14DC06E9AB}.Debug|Any CPU.ActiveCfg = Debug|Any CPU
		{C7EC5A65-3582-489B-A8DA-3E14DC06E9AB}.Debug|Any CPU.Build.0 = Debug|Any CPU
		{C7EC5A65-3582-489B-A8DA-3E14DC06E9AB}.Release|Any CPU.ActiveCfg = Release|Any CPU
		{C7EC5A65-3582-489B-A8DA-3E14DC06E9AB}.Release|Any CPU.Build.0 = Release|Any CPU
	EndGlobalSection
	GlobalSection(SolutionProperties) = preSolution
		HideSolutionNode = FALSE
	EndGlobalSection
	GlobalSection(ExtensibilityGlobals) = postSolution
		SolutionGuid = {939F3383-A3D1-44B6-B617-431526D710AA}
	EndGlobalSection
EndGlobal
