
Microsoft Visual Studio Solution File, Format Version 12.00
# Visual Studio Version 17
VisualStudioVersion = 17.10.34916.146
MinimumVisualStudioVersion = 10.0.40219.1
Project("{FAE04EC0-301F-11D3-BF4B-00C04F79EFBC}") = "example31", "example31\example31.csproj", "{53A1DE23-CC2F-4974-AD3F-BAA89D43F946}"
EndProject
Global
	GlobalSection(SolutionConfigurationPlatforms) = preSolution
		Debug|Any CPU = Debug|Any CPU
		Release|Any CPU = Release|Any CPU
	EndGlobalSection
	GlobalSection(ProjectConfigurationPlatforms) = postSolution
		{53A1DE23-CC2F-4974-AD3F-BAA89D43F946}.Debug|Any CPU.ActiveCfg = Debug|Any CPU
		{53A1DE23-CC2F-4974-AD3F-BAA89D43F946}.Debug|Any CPU.Build.0 = Debug|Any CPU
		{53A1DE23-CC2F-4974-AD3F-BAA89D43F946}.Release|Any CPU.ActiveCfg = Release|Any CPU
		{53A1DE23-CC2F-4974-AD3F-BAA89D43F946}.Release|Any CPU.Build.0 = Release|Any CPU
	EndGlobalSection
	GlobalSection(SolutionProperties) = preSolution
		HideSolutionNode = FALSE
	EndGlobalSection
	GlobalSection(ExtensibilityGlobals) = postSolution
		SolutionGuid = {511C50CD-A7FD-4429-909F-279A3C7CCD22}
	EndGlobalSection
EndGlobal
