
Microsoft Visual Studio Solution File, Format Version 12.00
# Visual Studio Version 17
VisualStudioVersion = 17.10.34916.146
MinimumVisualStudioVersion = 10.0.40219.1
Project("{FAE04EC0-301F-11D3-BF4B-00C04F79EFBC}") = "example24", "example24\example24.csproj", "{50A41B33-68DC-4E47-9445-01997834037A}"
EndProject
Global
	GlobalSection(SolutionConfigurationPlatforms) = preSolution
		Debug|Any CPU = Debug|Any CPU
		Release|Any CPU = Release|Any CPU
	EndGlobalSection
	GlobalSection(ProjectConfigurationPlatforms) = postSolution
		{50A41B33-68DC-4E47-9445-01997834037A}.Debug|Any CPU.ActiveCfg = Debug|Any CPU
		{50A41B33-68DC-4E47-9445-01997834037A}.Debug|Any CPU.Build.0 = Debug|Any CPU
		{50A41B33-68DC-4E47-9445-01997834037A}.Release|Any CPU.ActiveCfg = Release|Any CPU
		{50A41B33-68DC-4E47-9445-01997834037A}.Release|Any CPU.Build.0 = Release|Any CPU
	EndGlobalSection
	GlobalSection(SolutionProperties) = preSolution
		HideSolutionNode = FALSE
	EndGlobalSection
	GlobalSection(ExtensibilityGlobals) = postSolution
		SolutionGuid = {92D4EE8C-6C42-4FD1-A9D2-B865DB71A930}
	EndGlobalSection
EndGlobal
