
Microsoft Visual Studio Solution File, Format Version 12.00
# Visual Studio Version 17
VisualStudioVersion = 17.10.34916.146
MinimumVisualStudioVersion = 10.0.40219.1
Project("{FAE04EC0-301F-11D3-BF4B-00C04F79EFBC}") = "example60", "example60\example60.csproj", "{C2AE14C6-DBAB-499D-9AB4-7E0E67CE9C05}"
EndProject
Global
	GlobalSection(SolutionConfigurationPlatforms) = preSolution
		Debug|Any CPU = Debug|Any CPU
		Release|Any CPU = Release|Any CPU
	EndGlobalSection
	GlobalSection(ProjectConfigurationPlatforms) = postSolution
		{C2AE14C6-DBAB-499D-9AB4-7E0E67CE9C05}.Debug|Any CPU.ActiveCfg = Debug|Any CPU
		{C2AE14C6-DBAB-499D-9AB4-7E0E67CE9C05}.Debug|Any CPU.Build.0 = Debug|Any CPU
		{C2AE14C6-DBAB-499D-9AB4-7E0E67CE9C05}.Release|Any CPU.ActiveCfg = Release|Any CPU
		{C2AE14C6-DBAB-499D-9AB4-7E0E67CE9C05}.Release|Any CPU.Build.0 = Release|Any CPU
	EndGlobalSection
	GlobalSection(SolutionProperties) = preSolution
		HideSolutionNode = FALSE
	EndGlobalSection
	GlobalSection(ExtensibilityGlobals) = postSolution
		SolutionGuid = {962EBFDA-E064-40CB-8E6B-BEF3A33F5BEA}
	EndGlobalSection
EndGlobal
