
Microsoft Visual Studio Solution File, Format Version 12.00
# Visual Studio Version 17
VisualStudioVersion = 17.10.34916.146
MinimumVisualStudioVersion = 10.0.40219.1
Project("{FAE04EC0-301F-11D3-BF4B-00C04F79EFBC}") = "example14", "example14\example14.csproj", "{77C9FF3A-0535-4401-88A9-96E64DD5C7D3}"
EndProject
Global
	GlobalSection(SolutionConfigurationPlatforms) = preSolution
		Debug|Any CPU = Debug|Any CPU
		Release|Any CPU = Release|Any CPU
	EndGlobalSection
	GlobalSection(ProjectConfigurationPlatforms) = postSolution
		{77C9FF3A-0535-4401-88A9-96E64DD5C7D3}.Debug|Any CPU.ActiveCfg = Debug|Any CPU
		{77C9FF3A-0535-4401-88A9-96E64DD5C7D3}.Debug|Any CPU.Build.0 = Debug|Any CPU
		{77C9FF3A-0535-4401-88A9-96E64DD5C7D3}.Release|Any CPU.ActiveCfg = Release|Any CPU
		{77C9FF3A-0535-4401-88A9-96E64DD5C7D3}.Release|Any CPU.Build.0 = Release|Any CPU
	EndGlobalSection
	GlobalSection(SolutionProperties) = preSolution
		HideSolutionNode = FALSE
	EndGlobalSection
	GlobalSection(ExtensibilityGlobals) = postSolution
		SolutionGuid = {6931E979-C8C4-496A-BCB3-45E2689CD6C7}
	EndGlobalSection
EndGlobal
