
Microsoft Visual Studio Solution File, Format Version 12.00
# Visual Studio Version 17
VisualStudioVersion = 17.10.34916.146
MinimumVisualStudioVersion = 10.0.40219.1
Project("{FAE04EC0-301F-11D3-BF4B-00C04F79EFBC}") = "example13", "example13\example13.csproj", "{45054611-CD2B-4994-9195-1FB423CF79BC}"
EndProject
Global
	GlobalSection(SolutionConfigurationPlatforms) = preSolution
		Debug|Any CPU = Debug|Any CPU
		Release|Any CPU = Release|Any CPU
	EndGlobalSection
	GlobalSection(ProjectConfigurationPlatforms) = postSolution
		{45054611-CD2B-4994-9195-1FB423CF79BC}.Debug|Any CPU.ActiveCfg = Debug|Any CPU
		{45054611-CD2B-4994-9195-1FB423CF79BC}.Debug|Any CPU.Build.0 = Debug|Any CPU
		{45054611-CD2B-4994-9195-1FB423CF79BC}.Release|Any CPU.ActiveCfg = Release|Any CPU
		{45054611-CD2B-4994-9195-1FB423CF79BC}.Release|Any CPU.Build.0 = Release|Any CPU
	EndGlobalSection
	GlobalSection(SolutionProperties) = preSolution
		HideSolutionNode = FALSE
	EndGlobalSection
	GlobalSection(ExtensibilityGlobals) = postSolution
		SolutionGuid = {2A7B58E9-8A6A-4D24-A165-C2685B7D0D43}
	EndGlobalSection
EndGlobal
