
Microsoft Visual Studio Solution File, Format Version 12.00
# Visual Studio Version 17
VisualStudioVersion = 17.10.34916.146
MinimumVisualStudioVersion = 10.0.40219.1
Project("{FAE04EC0-301F-11D3-BF4B-00C04F79EFBC}") = "example26", "example26\example26.csproj", "{5C7F97F0-3288-444F-B173-980000E07A33}"
EndProject
Global
	GlobalSection(SolutionConfigurationPlatforms) = preSolution
		Debug|Any CPU = Debug|Any CPU
		Release|Any CPU = Release|Any CPU
	EndGlobalSection
	GlobalSection(ProjectConfigurationPlatforms) = postSolution
		{5C7F97F0-3288-444F-B173-980000E07A33}.Debug|Any CPU.ActiveCfg = Debug|Any CPU
		{5C7F97F0-3288-444F-B173-980000E07A33}.Debug|Any CPU.Build.0 = Debug|Any CPU
		{5C7F97F0-3288-444F-B173-980000E07A33}.Release|Any CPU.ActiveCfg = Release|Any CPU
		{5C7F97F0-3288-444F-B173-980000E07A33}.Release|Any CPU.Build.0 = Release|Any CPU
	EndGlobalSection
	GlobalSection(SolutionProperties) = preSolution
		HideSolutionNode = FALSE
	EndGlobalSection
	GlobalSection(ExtensibilityGlobals) = postSolution
		SolutionGuid = {5CFF9C68-CAC8-4F84-BDCE-24355DD0F935}
	EndGlobalSection
EndGlobal
