
Microsoft Visual Studio Solution File, Format Version 12.00
# Visual Studio Version 17
VisualStudioVersion = 17.10.34916.146
MinimumVisualStudioVersion = 10.0.40219.1
Project("{FAE04EC0-301F-11D3-BF4B-00C04F79EFBC}") = "example40", "example40\example40.csproj", "{11332625-4089-4DB8-ACDF-3263E1C6DBFB}"
EndProject
Global
	GlobalSection(SolutionConfigurationPlatforms) = preSolution
		Debug|Any CPU = Debug|Any CPU
		Release|Any CPU = Release|Any CPU
	EndGlobalSection
	GlobalSection(ProjectConfigurationPlatforms) = postSolution
		{11332625-4089-4DB8-ACDF-3263E1C6DBFB}.Debug|Any CPU.ActiveCfg = Debug|Any CPU
		{11332625-4089-4DB8-ACDF-3263E1C6DBFB}.Debug|Any CPU.Build.0 = Debug|Any CPU
		{11332625-4089-4DB8-ACDF-3263E1C6DBFB}.Release|Any CPU.ActiveCfg = Release|Any CPU
		{11332625-4089-4DB8-ACDF-3263E1C6DBFB}.Release|Any CPU.Build.0 = Release|Any CPU
	EndGlobalSection
	GlobalSection(SolutionProperties) = preSolution
		HideSolutionNode = FALSE
	EndGlobalSection
	GlobalSection(ExtensibilityGlobals) = postSolution
		SolutionGuid = {12A03214-5642-43BB-B464-EA71C1C7A67B}
	EndGlobalSection
EndGlobal
