
Microsoft Visual Studio Solution File, Format Version 12.00
# Visual Studio Version 17
VisualStudioVersion = 17.10.34916.146
MinimumVisualStudioVersion = 10.0.40219.1
Project("{FAE04EC0-301F-11D3-BF4B-00C04F79EFBC}") = "example43", "example43\example43.csproj", "{AD63BBBD-B666-4D79-AE5A-9397E5ABDC81}"
EndProject
Global
	GlobalSection(SolutionConfigurationPlatforms) = preSolution
		Debug|Any CPU = Debug|Any CPU
		Release|Any CPU = Release|Any CPU
	EndGlobalSection
	GlobalSection(ProjectConfigurationPlatforms) = postSolution
		{AD63BBBD-B666-4D79-AE5A-9397E5ABDC81}.Debug|Any CPU.ActiveCfg = Debug|Any CPU
		{AD63BBBD-B666-4D79-AE5A-9397E5ABDC81}.Debug|Any CPU.Build.0 = Debug|Any CPU
		{AD63BBBD-B666-4D79-AE5A-9397E5ABDC81}.Release|Any CPU.ActiveCfg = Release|Any CPU
		{AD63BBBD-B666-4D79-AE5A-9397E5ABDC81}.Release|Any CPU.Build.0 = Release|Any CPU
	EndGlobalSection
	GlobalSection(SolutionProperties) = preSolution
		HideSolutionNode = FALSE
	EndGlobalSection
	GlobalSection(ExtensibilityGlobals) = postSolution
		SolutionGuid = {C7F55B1E-BA4B-4020-ACE5-ED3AEA0CA7E8}
	EndGlobalSection
EndGlobal
