
Microsoft Visual Studio Solution File, Format Version 12.00
# Visual Studio Version 17
VisualStudioVersion = 17.10.34916.146
MinimumVisualStudioVersion = 10.0.40219.1
Project("{FAE04EC0-301F-11D3-BF4B-00C04F79EFBC}") = "example30", "example30\example30.csproj", "{4E7E24B0-8B39-4EEA-8E60-9EF5E3913A34}"
EndProject
Global
	GlobalSection(SolutionConfigurationPlatforms) = preSolution
		Debug|Any CPU = Debug|Any CPU
		Release|Any CPU = Release|Any CPU
	EndGlobalSection
	GlobalSection(ProjectConfigurationPlatforms) = postSolution
		{4E7E24B0-8B39-4EEA-8E60-9EF5E3913A34}.Debug|Any CPU.ActiveCfg = Debug|Any CPU
		{4E7E24B0-8B39-4EEA-8E60-9EF5E3913A34}.Debug|Any CPU.Build.0 = Debug|Any CPU
		{4E7E24B0-8B39-4EEA-8E60-9EF5E3913A34}.Release|Any CPU.ActiveCfg = Release|Any CPU
		{4E7E24B0-8B39-4EEA-8E60-9EF5E3913A34}.Release|Any CPU.Build.0 = Release|Any CPU
	EndGlobalSection
	GlobalSection(SolutionProperties) = preSolution
		HideSolutionNode = FALSE
	EndGlobalSection
	GlobalSection(ExtensibilityGlobals) = postSolution
		SolutionGuid = {CB52CC9D-359D-4D70-8AF5-D81B8D374DE9}
	EndGlobalSection
EndGlobal
