
Microsoft Visual Studio Solution File, Format Version 12.00
# Visual Studio Version 17
VisualStudioVersion = 17.10.34916.146
MinimumVisualStudioVersion = 10.0.40219.1
Project("{FAE04EC0-301F-11D3-BF4B-00C04F79EFBC}") = "example27", "example27\example27.csproj", "{7EBD67D2-8BE3-4767-BB0C-74660C9ADE2A}"
EndProject
Global
	GlobalSection(SolutionConfigurationPlatforms) = preSolution
		Debug|Any CPU = Debug|Any CPU
		Release|Any CPU = Release|Any CPU
	EndGlobalSection
	GlobalSection(ProjectConfigurationPlatforms) = postSolution
		{7EBD67D2-8BE3-4767-BB0C-74660C9ADE2A}.Debug|Any CPU.ActiveCfg = Debug|Any CPU
		{7EBD67D2-8BE3-4767-BB0C-74660C9ADE2A}.Debug|Any CPU.Build.0 = Debug|Any CPU
		{7EBD67D2-8BE3-4767-BB0C-74660C9ADE2A}.Release|Any CPU.ActiveCfg = Release|Any CPU
		{7EBD67D2-8BE3-4767-BB0C-74660C9ADE2A}.Release|Any CPU.Build.0 = Release|Any CPU
	EndGlobalSection
	GlobalSection(SolutionProperties) = preSolution
		HideSolutionNode = FALSE
	EndGlobalSection
	GlobalSection(ExtensibilityGlobals) = postSolution
		SolutionGuid = {2E95BFF2-AC4F-45DE-A727-0BBE8AE972F8}
	EndGlobalSection
EndGlobal
